
Microsoft Visual Studio Solution File, Format Version 12.00
# Visual Studio Version 17
VisualStudioVersion = 17.0.31903.59
MinimumVisualStudioVersion = 10.0.40219.1
Project("{FAE04EC0-301F-11D3-BF4B-00C04F79EFBC}") = "StringLibrary", "StringLibrary\StringLibrary.csproj", "{0E0DC774-4182-4F01-AC04-F7B5572904F4}"
EndProject
Project("{FAE04EC0-301F-11D3-BF4B-00C04F79EFBC}") = "ShowCase", "ShowCase\ShowCase.csproj", "{1E713AFF-AC06-4E8D-81F6-BC1115C4F8C2}"
EndProject
Global
	GlobalSection(SolutionConfigurationPlatforms) = preSolution
		Debug|Any CPU = Debug|Any CPU
		Release|Any CPU = Release|Any CPU
	EndGlobalSection
	GlobalSection(SolutionProperties) = preSolution
		HideSolutionNode = FALSE
	EndGlobalSection
	GlobalSection(ProjectConfigurationPlatforms) = postSolution
		{0E0DC774-4182-4F01-AC04-F7B5572904F4}.Debug|Any CPU.ActiveCfg = Debug|Any CPU
		{0E0DC774-4182-4F01-AC04-F7B5572904F4}.Debug|Any CPU.Build.0 = Debug|Any CPU
		{0E0DC774-4182-4F01-AC04-F7B5572904F4}.Release|Any CPU.ActiveCfg = Release|Any CPU
		{0E0DC774-4182-4F01-AC04-F7B5572904F4}.Release|Any CPU.Build.0 = Release|Any CPU
		{1E713AFF-AC06-4E8D-81F6-BC1115C4F8C2}.Debug|Any CPU.ActiveCfg = Debug|Any CPU
		{1E713AFF-AC06-4E8D-81F6-BC1115C4F8C2}.Debug|Any CPU.Build.0 = Debug|Any CPU
		{1E713AFF-AC06-4E8D-81F6-BC1115C4F8C2}.Release|Any CPU.ActiveCfg = Release|Any CPU
		{1E713AFF-AC06-4E8D-81F6-BC1115C4F8C2}.Release|Any CPU.Build.0 = Release|Any CPU
	EndGlobalSection
EndGlobal
